{
    "_meta": {
        "hash": {
            "sha256": "8300f0f99aedb3a212233d4b2c33e141968665af7d051a1b7aa2588d20d33834"
        },
        "pipfile-spec": 6,
        "requires": {
            "python_full_version": "3.9.6",
            "python_version": "3.9"
        },
        "sources": [
            {
                "name": "pypi",
                "url": "https://pypi.org/simple",
                "verify_ssl": true
            }
        ]
    },
    "default": {},
    "develop": {}
}
